// !$*UTF8*$!
{
	archiveVersion = 1;
	classes = {
	};
	objectVersion = 77;
	objects = {

/* Begin PBXBuildFile section */
		EF8C22BC2E50A7F300B96052 /* PlaceImageMap.swift in Sources */ = {isa = PBXBuildFile; fileRef = EF8C22B32E50A7F300B96052 /* PlaceImageMap.swift */; };
		EF8C22BD2E50A7F300B96052 /* PlayfulBackground.swift in Sources */ = {isa = PBXBuildFile; fileRef = EF8C22B42E50A7F300B96052 /* PlayfulBackground.swift */; };
		EF8C22BE2E50A7F300B96052 /* ContentView.swift in Sources */ = {isa = PBXBuildFile; fileRef = EF8C22B72E50A7F300B96052 /* ContentView.swift */; };
		EF8C22BF2E50A7F300B96052 /* DataController.swift in Sources */ = {isa = PBXBuildFile; fileRef = EF8C22B82E50A7F300B96052 /* DataController.swift */; };
		EF8C22C02E50A7F300B96052 /* NextIsApp.swift in Sources */ = {isa = PBXBuildFile; fileRef = EF8C22BA2E50A7F300B96052 /* NextIsApp.swift */; };
		EF8C22C12E50A7F300B96052 /* Assets.xcassets in Resources */ = {isa = PBXBuildFile; fileRef = EF8C22B62E50A7F300B96052 /* Assets.xcassets */; };
		EF8C22C42E50A80700B96052 /* Kid.swift in Sources */ = {isa = PBXBuildFile; fileRef = EF8C22C32E50A7FE00B96052 /* Kid.swift */; };
		EF8C22C62E50A81700B96052 /* VisitData.swift in Sources */ = {isa = PBXBuildFile; fileRef = EF8C22C52E50A81600B96052 /* VisitData.swift */; };
		EF8C22C92E50A84B00B96052 /* KidsStore.swift in Sources */ = {isa = PBXBuildFile; fileRef = EF8C22C82E50A84B00B96052 /* KidsStore.swift */; };
		EF8C22CB2E50A85E00B96052 /* VisitLogger.swift in Sources */ = {isa = PBXBuildFile; fileRef = EF8C22CA2E50A85E00B96052 /* VisitLogger.swift */; };
		EF8C22CD2E50A88A00B96052 /* Utilities.swift in Sources */ = {isa = PBXBuildFile; fileRef = EF8C22CC2E50A88500B96052 /* Utilities.swift */; };
		EF8C22CF2E50A89700B96052 /* TabBarDelegateProxy.swift in Sources */ = {isa = PBXBuildFile; fileRef = EF8C22CE2E50A89700B96052 /* TabBarDelegateProxy.swift */; };
		EF8C22D12E50A8B400B96052 /* PlacesView.swift in Sources */ = {isa = PBXBuildFile; fileRef = EF8C22D02E50A8B400B96052 /* PlacesView.swift */; };
		EF8C22D32E50A8E900B96052 /* KidListView.swift in Sources */ = {isa = PBXBuildFile; fileRef = EF8C22D22E50A8E900B96052 /* KidListView.swift */; };
		EF8C22D52E50A8F400B96052 /* KidProfileView.swift in Sources */ = {isa = PBXBuildFile; fileRef = EF8C22D42E50A8F400B96052 /* KidProfileView.swift */; };
		EF8C22D72E50A8FE00B96052 /* NotesView.swift in Sources */ = {isa = PBXBuildFile; fileRef = EF8C22D62E50A8FE00B96052 /* NotesView.swift */; };
		EF8C22D92E50A90600B96052 /* SettingsView.swift in Sources */ = {isa = PBXBuildFile; fileRef = EF8C22D82E50A90600B96052 /* SettingsView.swift */; };
/* End PBXBuildFile section */

/* Begin PBXContainerItemProxy section */
		EFA1FC7F2E4EF84D00F8A473 /* PBXContainerItemProxy */ = {
			isa = PBXContainerItemProxy;
			containerPortal = EFA1FC682E4EF84C00F8A473 /* Project object */;
			proxyType = 1;
			remoteGlobalIDString = EFA1FC6F2E4EF84C00F8A473;
			remoteInfo = NextIs;
		};
		EFA1FC892E4EF84D00F8A473 /* PBXContainerItemProxy */ = {
			isa = PBXContainerItemProxy;
			containerPortal = EFA1FC682E4EF84C00F8A473 /* Project object */;
			proxyType = 1;
			remoteGlobalIDString = EFA1FC6F2E4EF84C00F8A473;
			remoteInfo = NextIs;
		};
/* End PBXContainerItemProxy section */

/* Begin PBXFileReference section */
		EF8C22B32E50A7F300B96052 /* PlaceImageMap.swift */ = {isa = PBXFileReference; lastKnownFileType = sourcecode.swift; path = PlaceImageMap.swift; sourceTree = "<group>"; };
		EF8C22B42E50A7F300B96052 /* PlayfulBackground.swift */ = {isa = PBXFileReference; lastKnownFileType = sourcecode.swift; path = PlayfulBackground.swift; sourceTree = "<group>"; };
		EF8C22B62E50A7F300B96052 /* Assets.xcassets */ = {isa = PBXFileReference; lastKnownFileType = folder.assetcatalog; path = Assets.xcassets; sourceTree = "<group>"; };
		EF8C22B72E50A7F300B96052 /* ContentView.swift */ = {isa = PBXFileReference; lastKnownFileType = sourcecode.swift; path = ContentView.swift; sourceTree = "<group>"; };
		EF8C22B82E50A7F300B96052 /* DataController.swift */ = {isa = PBXFileReference; lastKnownFileType = sourcecode.swift; path = DataController.swift; sourceTree = "<group>"; };
		EF8C22B92E50A7F300B96052 /* NextIs.entitlements */ = {isa = PBXFileReference; lastKnownFileType = text.plist.entitlements; path = NextIs.entitlements; sourceTree = "<group>"; };
		EF8C22BA2E50A7F300B96052 /* NextIsApp.swift */ = {isa = PBXFileReference; lastKnownFileType = sourcecode.swift; path = NextIsApp.swift; sourceTree = "<group>"; };
		EF8C22C32E50A7FE00B96052 /* Kid.swift */ = {isa = PBXFileReference; lastKnownFileType = sourcecode.swift; path = Kid.swift; sourceTree = "<group>"; };
		EF8C22C52E50A81600B96052 /* VisitData.swift */ = {isa = PBXFileReference; lastKnownFileType = sourcecode.swift; path = VisitData.swift; sourceTree = "<group>"; };
		EF8C22C82E50A84B00B96052 /* KidsStore.swift */ = {isa = PBXFileReference; lastKnownFileType = sourcecode.swift; path = KidsStore.swift; sourceTree = "<group>"; };
		EF8C22CA2E50A85E00B96052 /* VisitLogger.swift */ = {isa = PBXFileReference; lastKnownFileType = sourcecode.swift; path = VisitLogger.swift; sourceTree = "<group>"; };
		EF8C22CC2E50A88500B96052 /* Utilities.swift */ = {isa = PBXFileReference; lastKnownFileType = sourcecode.swift; path = Utilities.swift; sourceTree = "<group>"; };
		EF8C22CE2E50A89700B96052 /* TabBarDelegateProxy.swift */ = {isa = PBXFileReference; lastKnownFileType = sourcecode.swift; path = TabBarDelegateProxy.swift; sourceTree = "<group>"; };
		EF8C22D02E50A8B400B96052 /* PlacesView.swift */ = {isa = PBXFileReference; lastKnownFileType = sourcecode.swift; path = PlacesView.swift; sourceTree = "<group>"; };
		EF8C22D22E50A8E900B96052 /* KidListView.swift */ = {isa = PBXFileReference; lastKnownFileType = sourcecode.swift; path = KidListView.swift; sourceTree = "<group>"; };
		EF8C22D42E50A8F400B96052 /* KidProfileView.swift */ = {isa = PBXFileReference; lastKnownFileType = sourcecode.swift; path = KidProfileView.swift; sourceTree = "<group>"; };
		EF8C22D62E50A8FE00B96052 /* NotesView.swift */ = {isa = PBXFileReference; lastKnownFileType = sourcecode.swift; path = NotesView.swift; sourceTree = "<group>"; };
		EF8C22D82E50A90600B96052 /* SettingsView.swift */ = {isa = PBXFileReference; lastKnownFileType = sourcecode.swift; path = SettingsView.swift; sourceTree = "<group>"; };
		EFA1FC702E4EF84C00F8A473 /* NextIs.app */ = {isa = PBXFileReference; explicitFileType = wrapper.application; includeInIndex = 0; path = NextIs.app; sourceTree = BUILT_PRODUCTS_DIR; };
		EFA1FC7E2E4EF84D00F8A473 /* NextIsTests.xctest */ = {isa = PBXFileReference; explicitFileType = wrapper.cfbundle; includeInIndex = 0; path = NextIsTests.xctest; sourceTree = BUILT_PRODUCTS_DIR; };
		EFA1FC882E4EF84D00F8A473 /* NextIsUITests.xctest */ = {isa = PBXFileReference; explicitFileType = wrapper.cfbundle; includeInIndex = 0; path = NextIsUITests.xctest; sourceTree = BUILT_PRODUCTS_DIR; };
/* End PBXFileReference section */

/* Begin PBXFileSystemSynchronizedRootGroup section */
		EFA1FC812E4EF84D00F8A473 /* NextIsTests */ = {
			isa = PBXFileSystemSynchronizedRootGroup;
			path = NextIsTests;
			sourceTree = "<group>";
		};
		EFA1FC8B2E4EF84D00F8A473 /* NextIsUITests */ = {
			isa = PBXFileSystemSynchronizedRootGroup;
			path = NextIsUITests;
			sourceTree = "<group>";
		};
/* End PBXFileSystemSynchronizedRootGroup section */

/* Begin PBXFrameworksBuildPhase section */
		EFA1FC6D2E4EF84C00F8A473 /* Frameworks */ = {
			isa = PBXFrameworksBuildPhase;
			buildActionMask = 2147483647;
			files = (
			);
			runOnlyForDeploymentPostprocessing = 0;
		};
		EFA1FC7B2E4EF84D00F8A473 /* Frameworks */ = {
			isa = PBXFrameworksBuildPhase;
			buildActionMask = 2147483647;
			files = (
			);
			runOnlyForDeploymentPostprocessing = 0;
		};
		EFA1FC852E4EF84D00F8A473 /* Frameworks */ = {
			isa = PBXFrameworksBuildPhase;
			buildActionMask = 2147483647;
			files = (
			);
			runOnlyForDeploymentPostprocessing = 0;
		};
/* End PBXFrameworksBuildPhase section */

/* Begin PBXGroup section */
		EF8C22B52E50A7F300B96052 /* Views */ = {
			isa = PBXGroup;
			children = (
				EF8C22D82E50A90600B96052 /* SettingsView.swift */,
				EF8C22D62E50A8FE00B96052 /* NotesView.swift */,
				EF8C22D42E50A8F400B96052 /* KidProfileView.swift */,
				EF8C22D22E50A8E900B96052 /* KidListView.swift */,
				EF8C22B42E50A7F300B96052 /* PlayfulBackground.swift */,
			);
			path = Views;
			sourceTree = "<group>";
		};
		EF8C22BB2E50A7F300B96052 /* NextIs */ = {
			isa = PBXGroup;
			children = (
				EF8C22CE2E50A89700B96052 /* TabBarDelegateProxy.swift */,
				EF8C22CC2E50A88500B96052 /* Utilities.swift */,
				EF8C22C72E50A83100B96052 /* Main */,
				EF8C22C22E50A7F800B96052 /* Models */,
				EF8C22B52E50A7F300B96052 /* Views */,
				EF8C22B62E50A7F300B96052 /* Assets.xcassets */,
				EF8C22B92E50A7F300B96052 /* NextIs.entitlements */,
				EF8C22BA2E50A7F300B96052 /* NextIsApp.swift */,
			);
			path = NextIs;
			sourceTree = "<group>";
		};
		EF8C22C22E50A7F800B96052 /* Models */ = {
			isa = PBXGroup;
			children = (
				EF8C22B32E50A7F300B96052 /* PlaceImageMap.swift */,
				EF8C22C52E50A81600B96052 /* VisitData.swift */,
				EF8C22C32E50A7FE00B96052 /* Kid.swift */,
			);
			path = Models;
			sourceTree = "<group>";
		};
		EF8C22C72E50A83100B96052 /* Main */ = {
			isa = PBXGroup;
			children = (
				EF8C22D02E50A8B400B96052 /* PlacesView.swift */,
				EF8C22C82E50A84B00B96052 /* KidsStore.swift */,
				EF8C22B72E50A7F300B96052 /* ContentView.swift */,
				EF8C22B82E50A7F300B96052 /* DataController.swift */,
				EF8C22CA2E50A85E00B96052 /* VisitLogger.swift */,
			);
			path = Main;
			sourceTree = "<group>";
		};
		EFA1FC672E4EF84C00F8A473 = {
			isa = PBXGroup;
			children = (
				EF8C22BB2E50A7F300B96052 /* NextIs */,
				EFA1FC812E4EF84D00F8A473 /* NextIsTests */,
				EFA1FC8B2E4EF84D00F8A473 /* NextIsUITests */,
				EFA1FC712E4EF84C00F8A473 /* Products */,
			);
			sourceTree = "<group>";
		};
		EFA1FC712E4EF84C00F8A473 /* Products */ = {
			isa = PBXGroup;
			children = (
				EFA1FC702E4EF84C00F8A473 /* NextIs.app */,
				EFA1FC7E2E4EF84D00F8A473 /* NextIsTests.xctest */,
				EFA1FC882E4EF84D00F8A473 /* NextIsUITests.xctest */,
			);
			name = Products;
			sourceTree = "<group>";
		};
/* End PBXGroup section */

/* Begin PBXNativeTarget section */
		EFA1FC6F2E4EF84C00F8A473 /* NextIs */ = {
			isa = PBXNativeTarget;
			buildConfigurationList = EFA1FC922E4EF84D00F8A473 /* Build configuration list for PBXNativeTarget "NextIs" */;
			buildPhases = (
				EFA1FC6C2E4EF84C00F8A473 /* Sources */,
				EFA1FC6D2E4EF84C00F8A473 /* Frameworks */,
				EFA1FC6E2E4EF84C00F8A473 /* Resources */,
			);
			buildRules = (
			);
			dependencies = (
			);
			name = NextIs;
			packageProductDependencies = (
			);
			productName = NextIs;
			productReference = EFA1FC702E4EF84C00F8A473 /* NextIs.app */;
			productType = "com.apple.product-type.application";
		};
		EFA1FC7D2E4EF84D00F8A473 /* NextIsTests */ = {
			isa = PBXNativeTarget;
			buildConfigurationList = EFA1FC952E4EF84D00F8A473 /* Build configuration list for PBXNativeTarget "NextIsTests" */;
			buildPhases = (
				EFA1FC7A2E4EF84D00F8A473 /* Sources */,
				EFA1FC7B2E4EF84D00F8A473 /* Frameworks */,
				EFA1FC7C2E4EF84D00F8A473 /* Resources */,
			);
			buildRules = (
			);
			dependencies = (
				EFA1FC802E4EF84D00F8A473 /* PBXTargetDependency */,
			);
			fileSystemSynchronizedGroups = (
				EFA1FC812E4EF84D00F8A473 /* NextIsTests */,
			);
			name = NextIsTests;
			packageProductDependencies = (
			);
			productName = NextIsTests;
			productReference = EFA1FC7E2E4EF84D00F8A473 /* NextIsTests.xctest */;
			productType = "com.apple.product-type.bundle.unit-test";
		};
		EFA1FC872E4EF84D00F8A473 /* NextIsUITests */ = {
			isa = PBXNativeTarget;
			buildConfigurationList = EFA1FC982E4EF84D00F8A473 /* Build configuration list for PBXNativeTarget "NextIsUITests" */;
			buildPhases = (
				EFA1FC842E4EF84D00F8A473 /* Sources */,
				EFA1FC852E4EF84D00F8A473 /* Frameworks */,
				EFA1FC862E4EF84D00F8A473 /* Resources */,
			);
			buildRules = (
			);
			dependencies = (
				EFA1FC8A2E4EF84D00F8A473 /* PBXTargetDependency */,
			);
			fileSystemSynchronizedGroups = (
				EFA1FC8B2E4EF84D00F8A473 /* NextIsUITests */,
			);
			name = NextIsUITests;
			packageProductDependencies = (
			);
			productName = NextIsUITests;
			productReference = EFA1FC882E4EF84D00F8A473 /* NextIsUITests.xctest */;
			productType = "com.apple.product-type.bundle.ui-testing";
		};
/* End PBXNativeTarget section */

/* Begin PBXProject section */
		EFA1FC682E4EF84C00F8A473 /* Project object */ = {
			isa = PBXProject;
			attributes = {
				BuildIndependentTargetsInParallel = 1;
				LastSwiftUpdateCheck = 1640;
				LastUpgradeCheck = 1640;
				TargetAttributes = {
					EFA1FC6F2E4EF84C00F8A473 = {
						CreatedOnToolsVersion = 16.4;
					};
					EFA1FC7D2E4EF84D00F8A473 = {
						CreatedOnToolsVersion = 16.4;
						TestTargetID = EFA1FC6F2E4EF84C00F8A473;
					};
					EFA1FC872E4EF84D00F8A473 = {
						CreatedOnToolsVersion = 16.4;
						TestTargetID = EFA1FC6F2E4EF84C00F8A473;
					};
				};
			};
			buildConfigurationList = EFA1FC6B2E4EF84C00F8A473 /* Build configuration list for PBXProject "NextIs" */;
			developmentRegion = en;
			hasScannedForEncodings = 0;
			knownRegions = (
				en,
				Base,
			);
			mainGroup = EFA1FC672E4EF84C00F8A473;
			minimizedProjectReferenceProxies = 1;
			preferredProjectObjectVersion = 77;
			productRefGroup = EFA1FC712E4EF84C00F8A473 /* Products */;
			projectDirPath = "";
			projectRoot = "";
			targets = (
				EFA1FC6F2E4EF84C00F8A473 /* NextIs */,
				EFA1FC7D2E4EF84D00F8A473 /* NextIsTests */,
				EFA1FC872E4EF84D00F8A473 /* NextIsUITests */,
			);
		};
/* End PBXProject section */

/* Begin PBXResourcesBuildPhase section */
		EFA1FC6E2E4EF84C00F8A473 /* Resources */ = {
			isa = PBXResourcesBuildPhase;
			buildActionMask = 2147483647;
			files = (
				EF8C22C12E50A7F300B96052 /* Assets.xcassets in Resources */,
			);
			runOnlyForDeploymentPostprocessing = 0;
		};
		EFA1FC7C2E4EF84D00F8A473 /* Resources */ = {
			isa = PBXResourcesBuildPhase;
			buildActionMask = 2147483647;
			files = (
			);
			runOnlyForDeploymentPostprocessing = 0;
		};
		EFA1FC862E4EF84D00F8A473 /* Resources */ = {
			isa = PBXResourcesBuildPhase;
			buildActionMask = 2147483647;
			files = (
			);
			runOnlyForDeploymentPostprocessing = 0;
		};
/* End PBXResourcesBuildPhase section */

/* Begin PBXSourcesBuildPhase section */
		EFA1FC6C2E4EF84C00F8A473 /* Sources */ = {
			isa = PBXSourcesBuildPhase;
			buildActionMask = 2147483647;
			files = (
				EF8C22D32E50A8E900B96052 /* KidListView.swift in Sources */,
				EF8C22BC2E50A7F300B96052 /* PlaceImageMap.swift in Sources */,
				EF8C22D72E50A8FE00B96052 /* NotesView.swift in Sources */,
				EF8C22C62E50A81700B96052 /* VisitData.swift in Sources */,
				EF8C22C92E50A84B00B96052 /* KidsStore.swift in Sources */,
				EF8C22D12E50A8B400B96052 /* PlacesView.swift in Sources */,
				EF8C22BD2E50A7F300B96052 /* PlayfulBackground.swift in Sources */,
				EF8C22C42E50A80700B96052 /* Kid.swift in Sources */,
				EF8C22BE2E50A7F300B96052 /* ContentView.swift in Sources */,
				EF8C22D92E50A90600B96052 /* SettingsView.swift in Sources */,
				EF8C22BF2E50A7F300B96052 /* DataController.swift in Sources */,
				EF8C22C02E50A7F300B96052 /* NextIsApp.swift in Sources */,
				EF8C22CD2E50A88A00B96052 /* Utilities.swift in Sources */,
				EF8C22D52E50A8F400B96052 /* KidProfileView.swift in Sources */,
				EF8C22CF2E50A89700B96052 /* TabBarDelegateProxy.swift in Sources */,
				EF8C22CB2E50A85E00B96052 /* VisitLogger.swift in Sources */,
			);
			runOnlyForDeploymentPostprocessing = 0;
		};
		EFA1FC7A2E4EF84D00F8A473 /* Sources */ = {
			isa = PBXSourcesBuildPhase;
			buildActionMask = 2147483647;
			files = (
			);
			runOnlyForDeploymentPostprocessing = 0;
		};
		EFA1FC842E4EF84D00F8A473 /* Sources */ = {
			isa = PBXSourcesBuildPhase;
			buildActionMask = 2147483647;
			files = (
			);
			runOnlyForDeploymentPostprocessing = 0;
		};
/* End PBXSourcesBuildPhase section */

/* Begin PBXTargetDependency section */
		EFA1FC802E4EF84D00F8A473 /* PBXTargetDependency */ = {
			isa = PBXTargetDependency;
			target = EFA1FC6F2E4EF84C00F8A473 /* NextIs */;
			targetProxy = EFA1FC7F2E4EF84D00F8A473 /* PBXContainerItemProxy */;
		};
		EFA1FC8A2E4EF84D00F8A473 /* PBXTargetDependency */ = {
			isa = PBXTargetDependency;
			target = EFA1FC6F2E4EF84C00F8A473 /* NextIs */;
			targetProxy = EFA1FC892E4EF84D00F8A473 /* PBXContainerItemProxy */;
		};
/* End PBXTargetDependency section */

/* Begin XCBuildConfiguration section */
		EFA1FC902E4EF84D00F8A473 /* Debug */ = {
			isa = XCBuildConfiguration;
			buildSettings = {
				ALWAYS_SEARCH_USER_PATHS = NO;
				ASSETCATALOG_COMPILER_GENERATE_SWIFT_ASSET_SYMBOL_EXTENSIONS = YES;
				CLANG_ANALYZER_NONNULL = YES;
				CLANG_ANALYZER_NUMBER_OBJECT_CONVERSION = YES_AGGRESSIVE;
				CLANG_CXX_LANGUAGE_STANDARD = "gnu++20";
				CLANG_ENABLE_MODULES = YES;
				CLANG_ENABLE_OBJC_ARC = YES;
				CLANG_ENABLE_OBJC_WEAK = YES;
				CLANG_WARN_BLOCK_CAPTURE_AUTORELEASING = YES;
				CLANG_WARN_BOOL_CONVERSION = YES;
				CLANG_WARN_COMMA = YES;
				CLANG_WARN_CONSTANT_CONVERSION = YES;
				CLANG_WARN_DEPRECATED_OBJC_IMPLEMENTATIONS = YES;
				CLANG_WARN_DIRECT_OBJC_ISA_USAGE = YES_ERROR;
				CLANG_WARN_DOCUMENTATION_COMMENTS = YES;
				CLANG_WARN_EMPTY_BODY = YES;
				CLANG_WARN_ENUM_CONVERSION = YES;
				CLANG_WARN_INFINITE_RECURSION = YES;
				CLANG_WARN_INT_CONVERSION = YES;
				CLANG_WARN_NON_LITERAL_NULL_CONVERSION = YES;
				CLANG_WARN_OBJC_IMPLICIT_RETAIN_SELF = YES;
				CLANG_WARN_OBJC_LITERAL_CONVERSION = YES;
				CLANG_WARN_OBJC_ROOT_CLASS = YES_ERROR;
				CLANG_WARN_QUOTED_INCLUDE_IN_FRAMEWORK_HEADER = YES;
				CLANG_WARN_RANGE_LOOP_ANALYSIS = YES;
				CLANG_WARN_STRICT_PROTOTYPES = YES;
				CLANG_WARN_SUSPICIOUS_MOVE = YES;
				CLANG_WARN_UNGUARDED_AVAILABILITY = YES_AGGRESSIVE;
				CLANG_WARN_UNREACHABLE_CODE = YES;
				CLANG_WARN__DUPLICATE_METHOD_MATCH = YES;
				COPY_PHASE_STRIP = NO;
				DEBUG_INFORMATION_FORMAT = dwarf;
				ENABLE_STRICT_OBJC_MSGSEND = YES;
				ENABLE_TESTABILITY = YES;
				ENABLE_USER_SCRIPT_SANDBOXING = YES;
				GCC_C_LANGUAGE_STANDARD = gnu17;
				GCC_DYNAMIC_NO_PIC = NO;
				GCC_NO_COMMON_BLOCKS = YES;
				GCC_OPTIMIZATION_LEVEL = 0;
				GCC_PREPROCESSOR_DEFINITIONS = (
					"DEBUG=1",
					"$(inherited)",
				);
				GCC_WARN_64_TO_32_BIT_CONVERSION = YES;
				GCC_WARN_ABOUT_RETURN_TYPE = YES_ERROR;
				GCC_WARN_UNDECLARED_SELECTOR = YES;
				GCC_WARN_UNINITIALIZED_AUTOS = YES_AGGRESSIVE;
				GCC_WARN_UNUSED_FUNCTION = YES;
				GCC_WARN_UNUSED_VARIABLE = YES;
				LOCALIZATION_PREFERS_STRING_CATALOGS = YES;
				MTL_ENABLE_DEBUG_INFO = INCLUDE_SOURCE;
				MTL_FAST_MATH = YES;
				ONLY_ACTIVE_ARCH = YES;
				SWIFT_ACTIVE_COMPILATION_CONDITIONS = "DEBUG $(inherited)";
				SWIFT_OPTIMIZATION_LEVEL = "-Onone";
			};
			name = Debug;
		};
		EFA1FC912E4EF84D00F8A473 /* Release */ = {
			isa = XCBuildConfiguration;
			buildSettings = {
				ALWAYS_SEARCH_USER_PATHS = NO;
				ASSETCATALOG_COMPILER_GENERATE_SWIFT_ASSET_SYMBOL_EXTENSIONS = YES;
				CLANG_ANALYZER_NONNULL = YES;
				CLANG_ANALYZER_NUMBER_OBJECT_CONVERSION = YES_AGGRESSIVE;
				CLANG_CXX_LANGUAGE_STANDARD = "gnu++20";
				CLANG_ENABLE_MODULES = YES;
				CLANG_ENABLE_OBJC_ARC = YES;
				CLANG_ENABLE_OBJC_WEAK = YES;
				CLANG_WARN_BLOCK_CAPTURE_AUTORELEASING = YES;
				CLANG_WARN_BOOL_CONVERSION = YES;
				CLANG_WARN_COMMA = YES;
				CLANG_WARN_CONSTANT_CONVERSION = YES;
				CLANG_WARN_DEPRECATED_OBJC_IMPLEMENTATIONS = YES;
				CLANG_WARN_DIRECT_OBJC_ISA_USAGE = YES_ERROR;
				CLANG_WARN_DOCUMENTATION_COMMENTS = YES;
				CLANG_WARN_EMPTY_BODY = YES;
				CLANG_WARN_ENUM_CONVERSION = YES;
				CLANG_WARN_INFINITE_RECURSION = YES;
				CLANG_WARN_INT_CONVERSION = YES;
				CLANG_WARN_NON_LITERAL_NULL_CONVERSION = YES;
				CLANG_WARN_OBJC_IMPLICIT_RETAIN_SELF = YES;
				CLANG_WARN_OBJC_LITERAL_CONVERSION = YES;
				CLANG_WARN_OBJC_ROOT_CLASS = YES_ERROR;
				CLANG_WARN_QUOTED_INCLUDE_IN_FRAMEWORK_HEADER = YES;
				CLANG_WARN_RANGE_LOOP_ANALYSIS = YES;
				CLANG_WARN_STRICT_PROTOTYPES = YES;
				CLANG_WARN_SUSPICIOUS_MOVE = YES;
				CLANG_WARN_UNGUARDED_AVAILABILITY = YES_AGGRESSIVE;
				CLANG_WARN_UNREACHABLE_CODE = YES;
				CLANG_WARN__DUPLICATE_METHOD_MATCH = YES;
				COPY_PHASE_STRIP = NO;
				DEBUG_INFORMATION_FORMAT = "dwarf-with-dsym";
				ENABLE_NS_ASSERTIONS = NO;
				ENABLE_STRICT_OBJC_MSGSEND = YES;
				ENABLE_USER_SCRIPT_SANDBOXING = YES;
				GCC_C_LANGUAGE_STANDARD = gnu17;
				GCC_NO_COMMON_BLOCKS = YES;
				GCC_WARN_64_TO_32_BIT_CONVERSION = YES;
				GCC_WARN_ABOUT_RETURN_TYPE = YES_ERROR;
				GCC_WARN_UNDECLARED_SELECTOR = YES;
				GCC_WARN_UNINITIALIZED_AUTOS = YES_AGGRESSIVE;
				GCC_WARN_UNUSED_FUNCTION = YES;
				GCC_WARN_UNUSED_VARIABLE = YES;
				LOCALIZATION_PREFERS_STRING_CATALOGS = YES;
				MTL_ENABLE_DEBUG_INFO = NO;
				MTL_FAST_MATH = YES;
				SWIFT_COMPILATION_MODE = wholemodule;
			};
			name = Release;
		};
		EFA1FC932E4EF84D00F8A473 /* Debug */ = {
			isa = XCBuildConfiguration;
			buildSettings = {
				ASSETCATALOG_COMPILER_APPICON_NAME = AppIcon;
				ASSETCATALOG_COMPILER_GLOBAL_ACCENT_COLOR_NAME = AccentColor;
				CODE_SIGN_ENTITLEMENTS = NextIs/NextIs.entitlements;
				CODE_SIGN_STYLE = Automatic;
				CURRENT_PROJECT_VERSION = 1;
				DEVELOPMENT_TEAM = 46AR95UHZ6;
				ENABLE_PREVIEWS = YES;
				GENERATE_INFOPLIST_FILE = YES;
				"INFOPLIST_KEY_UIApplicationSceneManifest_Generation[sdk=iphoneos*]" = YES;
				"INFOPLIST_KEY_UIApplicationSceneManifest_Generation[sdk=iphonesimulator*]" = YES;
				"INFOPLIST_KEY_UIApplicationSupportsIndirectInputEvents[sdk=iphoneos*]" = YES;
				"INFOPLIST_KEY_UIApplicationSupportsIndirectInputEvents[sdk=iphonesimulator*]" = YES;
				"INFOPLIST_KEY_UILaunchScreen_Generation[sdk=iphoneos*]" = YES;
				"INFOPLIST_KEY_UILaunchScreen_Generation[sdk=iphonesimulator*]" = YES;
				"INFOPLIST_KEY_UIStatusBarStyle[sdk=iphoneos*]" = UIStatusBarStyleDefault;
				"INFOPLIST_KEY_UIStatusBarStyle[sdk=iphonesimulator*]" = UIStatusBarStyleDefault;
				INFOPLIST_KEY_UISupportedInterfaceOrientations_iPad = "UIInterfaceOrientationPortrait UIInterfaceOrientationPortraitUpsideDown UIInterfaceOrientationLandscapeLeft UIInterfaceOrientationLandscapeRight";
				INFOPLIST_KEY_UISupportedInterfaceOrientations_iPhone = "UIInterfaceOrientationPortrait UIInterfaceOrientationLandscapeLeft UIInterfaceOrientationLandscapeRight";
				IPHONEOS_DEPLOYMENT_TARGET = 18.5;
				LD_RUNPATH_SEARCH_PATHS = "@executable_path/Frameworks";
				"LD_RUNPATH_SEARCH_PATHS[sdk=macosx*]" = "@executable_path/../Frameworks";
				MACOSX_DEPLOYMENT_TARGET = 15.5;
				MARKETING_VERSION = 1.0;
				PRODUCT_BUNDLE_IDENTIFIER = andy.NextIs;
				PRODUCT_NAME = "$(TARGET_NAME)";
				REGISTER_APP_GROUPS = YES;
				SDKROOT = auto;
				SUPPORTED_PLATFORMS = "iphoneos iphonesimulator macosx xros xrsimulator";
				SWIFT_EMIT_LOC_STRINGS = YES;
				SWIFT_VERSION = 5.0;
				TARGETED_DEVICE_FAMILY = "1,2,7";
				XROS_DEPLOYMENT_TARGET = 2.5;
			};
			name = Debug;
		};
		EFA1FC942E4EF84D00F8A473 /* Release */ = {
			isa = XCBuildConfiguration;
			buildSettings = {
				ASSETCATALOG_COMPILER_APPICON_NAME = AppIcon;
				ASSETCATALOG_COMPILER_GLOBAL_ACCENT_COLOR_NAME = AccentColor;
				CODE_SIGN_ENTITLEMENTS = NextIs/NextIs.entitlements;
				CODE_SIGN_STYLE = Automatic;
				CURRENT_PROJECT_VERSION = 1;
				DEVELOPMENT_TEAM = 46AR95UHZ6;
				ENABLE_PREVIEWS = YES;
				GENERATE_INFOPLIST_FILE = YES;
				"INFOPLIST_KEY_UIApplicationSceneManifest_Generation[sdk=iphoneos*]" = YES;
				"INFOPLIST_KEY_UIApplicationSceneManifest_Generation[sdk=iphonesimulator*]" = YES;
				"INFOPLIST_KEY_UIApplicationSupportsIndirectInputEvents[sdk=iphoneos*]" = YES;
				"INFOPLIST_KEY_UIApplicationSupportsIndirectInputEvents[sdk=iphonesimulator*]" = YES;
				"INFOPLIST_KEY_UILaunchScreen_Generation[sdk=iphoneos*]" = YES;
				"INFOPLIST_KEY_UILaunchScreen_Generation[sdk=iphonesimulator*]" = YES;
				"INFOPLIST_KEY_UIStatusBarStyle[sdk=iphoneos*]" = UIStatusBarStyleDefault;
				"INFOPLIST_KEY_UIStatusBarStyle[sdk=iphonesimulator*]" = UIStatusBarStyleDefault;
				INFOPLIST_KEY_UISupportedInterfaceOrientations_iPad = "UIInterfaceOrientationPortrait UIInterfaceOrientationPortraitUpsideDown UIInterfaceOrientationLandscapeLeft UIInterfaceOrientationLandscapeRight";
				INFOPLIST_KEY_UISupportedInterfaceOrientations_iPhone = "UIInterfaceOrientationPortrait UIInterfaceOrientationLandscapeLeft UIInterfaceOrientationLandscapeRight";
				IPHONEOS_DEPLOYMENT_TARGET = 18.5;
				LD_RUNPATH_SEARCH_PATHS = "@executable_path/Frameworks";
				"LD_RUNPATH_SEARCH_PATHS[sdk=macosx*]" = "@executable_path/../Frameworks";
				MACOSX_DEPLOYMENT_TARGET = 15.5;
				MARKETING_VERSION = 1.0;
				PRODUCT_BUNDLE_IDENTIFIER = andy.NextIs;
				PRODUCT_NAME = "$(TARGET_NAME)";
				REGISTER_APP_GROUPS = YES;
				SDKROOT = auto;
				SUPPORTED_PLATFORMS = "iphoneos iphonesimulator macosx xros xrsimulator";
				SWIFT_EMIT_LOC_STRINGS = YES;
				SWIFT_VERSION = 5.0;
				TARGETED_DEVICE_FAMILY = "1,2,7";
				XROS_DEPLOYMENT_TARGET = 2.5;
			};
			name = Release;
		};
		EFA1FC962E4EF84D00F8A473 /* Debug */ = {
			isa = XCBuildConfiguration;
			buildSettings = {
				BUNDLE_LOADER = "$(TEST_HOST)";
				CODE_SIGN_STYLE = Automatic;
				CURRENT_PROJECT_VERSION = 1;
				GENERATE_INFOPLIST_FILE = YES;
				IPHONEOS_DEPLOYMENT_TARGET = 18.5;
				MACOSX_DEPLOYMENT_TARGET = 15.5;
				MARKETING_VERSION = 1.0;
				PRODUCT_BUNDLE_IDENTIFIER = andy.NextIsTests;
				PRODUCT_NAME = "$(TARGET_NAME)";
				SDKROOT = auto;
				SUPPORTED_PLATFORMS = "iphoneos iphonesimulator macosx xros xrsimulator";
				SWIFT_EMIT_LOC_STRINGS = NO;
				SWIFT_VERSION = 5.0;
				TARGETED_DEVICE_FAMILY = "1,2,7";
				TEST_HOST = "$(BUILT_PRODUCTS_DIR)/NextIs.app/$(BUNDLE_EXECUTABLE_FOLDER_PATH)/NextIs";
				XROS_DEPLOYMENT_TARGET = 2.5;
			};
			name = Debug;
		};
		EFA1FC972E4EF84D00F8A473 /* Release */ = {
			isa = XCBuildConfiguration;
			buildSettings = {
				BUNDLE_LOADER = "$(TEST_HOST)";
				CODE_SIGN_STYLE = Automatic;
				CURRENT_PROJECT_VERSION = 1;
				GENERATE_INFOPLIST_FILE = YES;
				IPHONEOS_DEPLOYMENT_TARGET = 18.5;
				MACOSX_DEPLOYMENT_TARGET = 15.5;
				MARKETING_VERSION = 1.0;
				PRODUCT_BUNDLE_IDENTIFIER = andy.NextIsTests;
				PRODUCT_NAME = "$(TARGET_NAME)";
				SDKROOT = auto;
				SUPPORTED_PLATFORMS = "iphoneos iphonesimulator macosx xros xrsimulator";
				SWIFT_EMIT_LOC_STRINGS = NO;
				SWIFT_VERSION = 5.0;
				TARGETED_DEVICE_FAMILY = "1,2,7";
				TEST_HOST = "$(BUILT_PRODUCTS_DIR)/NextIs.app/$(BUNDLE_EXECUTABLE_FOLDER_PATH)/NextIs";
				XROS_DEPLOYMENT_TARGET = 2.5;
			};
			name = Release;
		};
		EFA1FC992E4EF84D00F8A473 /* Debug */ = {
			isa = XCBuildConfiguration;
			buildSettings = {
				CODE_SIGN_STYLE = Automatic;
				CURRENT_PROJECT_VERSION = 1;
				GENERATE_INFOPLIST_FILE = YES;
				IPHONEOS_DEPLOYMENT_TARGET = 18.5;
				MACOSX_DEPLOYMENT_TARGET = 15.5;
				MARKETING_VERSION = 1.0;
				PRODUCT_BUNDLE_IDENTIFIER = andy.NextIsUITests;
				PRODUCT_NAME = "$(TARGET_NAME)";
				SDKROOT = auto;
				SUPPORTED_PLATFORMS = "iphoneos iphonesimulator macosx xros xrsimulator";
				SWIFT_EMIT_LOC_STRINGS = NO;
				SWIFT_VERSION = 5.0;
				TARGETED_DEVICE_FAMILY = "1,2,7";
				TEST_TARGET_NAME = NextIs;
				XROS_DEPLOYMENT_TARGET = 2.5;
			};
			name = Debug;
		};
		EFA1FC9A2E4EF84D00F8A473 /* Release */ = {
			isa = XCBuildConfiguration;
			buildSettings = {
				CODE_SIGN_STYLE = Automatic;
				CURRENT_PROJECT_VERSION = 1;
				GENERATE_INFOPLIST_FILE = YES;
				IPHONEOS_DEPLOYMENT_TARGET = 18.5;
				MACOSX_DEPLOYMENT_TARGET = 15.5;
				MARKETING_VERSION = 1.0;
				PRODUCT_BUNDLE_IDENTIFIER = andy.NextIsUITests;
				PRODUCT_NAME = "$(TARGET_NAME)";
				SDKROOT = auto;
				SUPPORTED_PLATFORMS = "iphoneos iphonesimulator macosx xros xrsimulator";
				SWIFT_EMIT_LOC_STRINGS = NO;
				SWIFT_VERSION = 5.0;
				TARGETED_DEVICE_FAMILY = "1,2,7";
				TEST_TARGET_NAME = NextIs;
				XROS_DEPLOYMENT_TARGET = 2.5;
			};
			name = Release;
		};
/* End XCBuildConfiguration section */

/* Begin XCConfigurationList section */
		EFA1FC6B2E4EF84C00F8A473 /* Build configuration list for PBXProject "NextIs" */ = {
			isa = XCConfigurationList;
			buildConfigurations = (
				EFA1FC902E4EF84D00F8A473 /* Debug */,
				EFA1FC912E4EF84D00F8A473 /* Release */,
			);
			defaultConfigurationIsVisible = 0;
			defaultConfigurationName = Release;
		};
		EFA1FC922E4EF84D00F8A473 /* Build configuration list for PBXNativeTarget "NextIs" */ = {
			isa = XCConfigurationList;
			buildConfigurations = (
				EFA1FC932E4EF84D00F8A473 /* Debug */,
				EFA1FC942E4EF84D00F8A473 /* Release */,
			);
			defaultConfigurationIsVisible = 0;
			defaultConfigurationName = Release;
		};
		EFA1FC952E4EF84D00F8A473 /* Build configuration list for PBXNativeTarget "NextIsTests" */ = {
			isa = XCConfigurationList;
			buildConfigurations = (
				EFA1FC962E4EF84D00F8A473 /* Debug */,
				EFA1FC972E4EF84D00F8A473 /* Release */,
			);
			defaultConfigurationIsVisible = 0;
			defaultConfigurationName = Release;
		};
		EFA1FC982E4EF84D00F8A473 /* Build configuration list for PBXNativeTarget "NextIsUITests" */ = {
			isa = XCConfigurationList;
			buildConfigurations = (
				EFA1FC992E4EF84D00F8A473 /* Debug */,
				EFA1FC9A2E4EF84D00F8A473 /* Release */,
			);
			defaultConfigurationIsVisible = 0;
			defaultConfigurationName = Release;
		};
/* End XCConfigurationList section */
	};
	rootObject = EFA1FC682E4EF84C00F8A473 /* Project object */;
}
